
Microsoft Visual Studio Solution File, Format Version 12.00
# Visual Studio Version 17
VisualStudioVersion = 17.1.31911.260
MinimumVisualStudioVersion = 10.0.40219.1
Project("{9A19103F-16F7-4668-BE54-9A1E7A4F7556}") = "Shipping", "GOF\Creational Patterns\AbstractFactory\Shipping\Shipping\Shipping.csproj", "{DD558410-B51B-4253-BDC6-41615C90676C}"
EndProject
Project("{9A19103F-16F7-4668-BE54-9A1E7A4F7556}") = "Shipping.Tests", "GOF\Creational Patterns\AbstractFactory\Shipping\Shipping.Tests\Shipping.Tests.csproj", "{F44EC808-CD26-4604-AFDE-008B3605F380}"
EndProject
Project("{2150E333-8FDC-42A3-9474-1A3956D46DE8}") = "Creational Patterns", "Creational Patterns", "{08010BF7-5939-4D38-88CC-8359E627FB75}"
EndProject
Project("{2150E333-8FDC-42A3-9474-1A3956D46DE8}") = "AbstractFactory", "AbstractFactory", "{E9F5EB66-EADB-465F-B590-17E7E3328406}"
EndProject
Project("{2150E333-8FDC-42A3-9474-1A3956D46DE8}") = "Shipping", "Shipping", "{B9B5D14E-42D0-4CC5-9DC0-C0760602C675}"
EndProject
Project("{2150E333-8FDC-42A3-9474-1A3956D46DE8}") = "GOF", "GOF", "{F38C5DD2-5493-44A3-ADCD-29DC01F4B0BA}"
EndProject
Project("{2150E333-8FDC-42A3-9474-1A3956D46DE8}") = "CarFactory", "CarFactory", "{329A3C13-1703-4C90-9A8A-880E52D29AD9}"
EndProject
Project("{9A19103F-16F7-4668-BE54-9A1E7A4F7556}") = "CarFactory", "GOF\Creational Patterns\AbstractFactory\CarFactory\CarFactory.csproj", "{A1475A3C-3953-48C6-ACF0-78A8346A4F46}"
EndProject
Project("{2150E333-8FDC-42A3-9474-1A3956D46DE8}") = "DataAccess", "DataAccess", "{7616475E-353F-4B13-A382-E80053159D4B}"
EndProject
Project("{2150E333-8FDC-42A3-9474-1A3956D46DE8}") = "Repository", "Repository", "{51B946E9-90A8-44A6-AAF4-125DA1364BF0}"
EndProject
Project("{9A19103F-16F7-4668-BE54-9A1E7A4F7556}") = "Sales", "DataAccess\Repository\Sales\Sales.csproj", "{FBF1FF4B-AA1E-49AB-82FD-5439542E02AB}"
EndProject
Project("{2150E333-8FDC-42A3-9474-1A3956D46DE8}") = "Sale", "Sale", "{8DAB565F-41A7-493F-8447-A3BDBAE68603}"
EndProject
Project("{2150E333-8FDC-42A3-9474-1A3956D46DE8}") = "BusinessLayer", "BusinessLayer", "{7BD988CD-38FE-4CAC-BA6D-F4AB7765D5B3}"
EndProject
Project("{2150E333-8FDC-42A3-9474-1A3956D46DE8}") = "DataAccessLayer", "DataAccessLayer", "{4C1F4B88-A4C6-43BF-9499-3A811FFFC4CA}"
EndProject
Project("{9A19103F-16F7-4668-BE54-9A1E7A4F7556}") = "Sales.DataAccess", "DataAccess\Repository\DataAccessLayer\Sales.DataAccess\Sales.DataAccess.csproj", "{A38C2045-0353-41D8-B915-9FB272463A74}"
EndProject
Project("{9A19103F-16F7-4668-BE54-9A1E7A4F7556}") = "Sales.Domain", "DataAccess\Repository\BusinessLayer\Sales.Domain\Sales.Domain.csproj", "{AB0F2D61-7262-466E-AB2C-23C11615B56B}"
EndProject
Project("{2150E333-8FDC-42A3-9474-1A3956D46DE8}") = "ApplicationLayer", "ApplicationLayer", "{59B8029D-3746-4B7E-81B0-95009378CCF9}"
EndProject
Project("{9A19103F-16F7-4668-BE54-9A1E7A4F7556}") = "Sales.Application", "DataAccess\Repository\ApplicationLayer\Sales.Application\Sales.Application.csproj", "{3126424C-E7BA-4B83-BC64-6CCEC9E9224F}"
EndProject
Project("{2150E333-8FDC-42A3-9474-1A3956D46DE8}") = "Structural Patterns", "Structural Patterns", "{D62C462F-2FC7-498C-B031-92E12D9C9132}"
EndProject
Project("{2150E333-8FDC-42A3-9474-1A3956D46DE8}") = "Adapter", "Adapter", "{C045B316-086E-40C2-A3C7-E5F6F41B2FDF}"
EndProject
Project("{2150E333-8FDC-42A3-9474-1A3956D46DE8}") = "Object Adapter", "Object Adapter", "{97CDB375-5EFE-45E7-80FA-222282625B8E}"
EndProject
Project("{2150E333-8FDC-42A3-9474-1A3956D46DE8}") = "Class Adapter", "Class Adapter", "{DCACE13D-38C4-434A-8D1F-3903DEC6F739}"
EndProject
Project("{9A19103F-16F7-4668-BE54-9A1E7A4F7556}") = "ClassAdapterPatternBaseExample", "GOF\Structural Patterns\Adapter\Class Adapter\ClassAdapterPatternBaseExample\ClassAdapterPatternBaseExample.csproj", "{93A84B71-69E4-4F48-8A84-40FE1E3C449D}"
EndProject
Project("{9A19103F-16F7-4668-BE54-9A1E7A4F7556}") = "ObjectAdapterBaseExample", "GOF\Structural Patterns\Adapter\Object Adapter\ObjectAdapterBaseExample\ObjectAdapterBaseExample.csproj", "{E8D76F63-E109-4581-8C3E-CBD8750092AE}"
EndProject
Project("{2150E333-8FDC-42A3-9474-1A3956D46DE8}") = "Base", "Base", "{BCEA0929-CF46-4507-8C56-7312848CA02A}"
EndProject
Project("{2150E333-8FDC-42A3-9474-1A3956D46DE8}") = "Base", "Base", "{B50AE77C-13CD-4AF4-BF0F-D94A93DD98B8}"
EndProject
Project("{2150E333-8FDC-42A3-9474-1A3956D46DE8}") = "Decorator", "Decorator", "{38D0F5C1-A783-405B-8CD6-CB5BD7652E7A}"
EndProject
Project("{2150E333-8FDC-42A3-9474-1A3956D46DE8}") = "Base", "Base", "{D0B6C964-FF20-4B81-A6D5-66A49FCC29E4}"
EndProject
Project("{FAE04EC0-301F-11D3-BF4B-00C04F79EFBC}") = "DecoratorBaseExample", "GOF\Structural Patterns\Decorator\Base\DecoratorBaseExample\DecoratorBaseExample.csproj", "{05541C59-ABE9-4F71-A098-72793110C3FD}"
EndProject
Project("{2150E333-8FDC-42A3-9474-1A3956D46DE8}") = "Facade", "Facade", "{3F6E1D63-CBD8-4118-B517-192195BCAD2C}"
EndProject
Project("{2150E333-8FDC-42A3-9474-1A3956D46DE8}") = "Base", "Base", "{0CE7731B-50D6-4395-9D92-704CBEA6C2A5}"
EndProject
Project("{FAE04EC0-301F-11D3-BF4B-00C04F79EFBC}") = "FacadeBaseExample", "GOF\Structural Patterns\Facade\Base\FacadeBaseExample\FacadeBaseExample.csproj", "{5E9B9867-2B9E-4F9C-A875-56AD3161EB8F}"
EndProject
Project("{2150E333-8FDC-42A3-9474-1A3956D46DE8}") = "Composite", "Composite", "{49DB5B99-515E-4A1B-9915-026EB8679C7E}"
EndProject
Project("{2150E333-8FDC-42A3-9474-1A3956D46DE8}") = "Base", "Base", "{38463528-1BBE-4F7F-9EC5-2FEA41558FE3}"
EndProject
Project("{FAE04EC0-301F-11D3-BF4B-00C04F79EFBC}") = "CompositeBaseExample", "GOF\Structural Patterns\Composite\Base\CompositeBaseExample\CompositeBaseExample.csproj", "{B9CE5CDE-0A96-4047-829F-79DA8B31EAF0}"
EndProject
Global
	GlobalSection(SolutionConfigurationPlatforms) = preSolution
		Debug|Any CPU = Debug|Any CPU
		Release|Any CPU = Release|Any CPU
	EndGlobalSection
	GlobalSection(ProjectConfigurationPlatforms) = postSolution
		{DD558410-B51B-4253-BDC6-41615C90676C}.Debug|Any CPU.ActiveCfg = Debug|Any CPU
		{DD558410-B51B-4253-BDC6-41615C90676C}.Debug|Any CPU.Build.0 = Debug|Any CPU
		{DD558410-B51B-4253-BDC6-41615C90676C}.Release|Any CPU.ActiveCfg = Release|Any CPU
		{DD558410-B51B-4253-BDC6-41615C90676C}.Release|Any CPU.Build.0 = Release|Any CPU
		{F44EC808-CD26-4604-AFDE-008B3605F380}.Debug|Any CPU.ActiveCfg = Debug|Any CPU
		{F44EC808-CD26-4604-AFDE-008B3605F380}.Debug|Any CPU.Build.0 = Debug|Any CPU
		{F44EC808-CD26-4604-AFDE-008B3605F380}.Release|Any CPU.ActiveCfg = Release|Any CPU
		{F44EC808-CD26-4604-AFDE-008B3605F380}.Release|Any CPU.Build.0 = Release|Any CPU
		{A1475A3C-3953-48C6-ACF0-78A8346A4F46}.Debug|Any CPU.ActiveCfg = Debug|Any CPU
		{A1475A3C-3953-48C6-ACF0-78A8346A4F46}.Debug|Any CPU.Build.0 = Debug|Any CPU
		{A1475A3C-3953-48C6-ACF0-78A8346A4F46}.Release|Any CPU.ActiveCfg = Release|Any CPU
		{A1475A3C-3953-48C6-ACF0-78A8346A4F46}.Release|Any CPU.Build.0 = Release|Any CPU
		{FBF1FF4B-AA1E-49AB-82FD-5439542E02AB}.Debug|Any CPU.ActiveCfg = Debug|Any CPU
		{FBF1FF4B-AA1E-49AB-82FD-5439542E02AB}.Debug|Any CPU.Build.0 = Debug|Any CPU
		{FBF1FF4B-AA1E-49AB-82FD-5439542E02AB}.Release|Any CPU.ActiveCfg = Release|Any CPU
		{FBF1FF4B-AA1E-49AB-82FD-5439542E02AB}.Release|Any CPU.Build.0 = Release|Any CPU
		{A38C2045-0353-41D8-B915-9FB272463A74}.Debug|Any CPU.ActiveCfg = Debug|Any CPU
		{A38C2045-0353-41D8-B915-9FB272463A74}.Debug|Any CPU.Build.0 = Debug|Any CPU
		{A38C2045-0353-41D8-B915-9FB272463A74}.Release|Any CPU.ActiveCfg = Release|Any CPU
		{A38C2045-0353-41D8-B915-9FB272463A74}.Release|Any CPU.Build.0 = Release|Any CPU
		{AB0F2D61-7262-466E-AB2C-23C11615B56B}.Debug|Any CPU.ActiveCfg = Debug|Any CPU
		{AB0F2D61-7262-466E-AB2C-23C11615B56B}.Debug|Any CPU.Build.0 = Debug|Any CPU
		{AB0F2D61-7262-466E-AB2C-23C11615B56B}.Release|Any CPU.ActiveCfg = Release|Any CPU
		{AB0F2D61-7262-466E-AB2C-23C11615B56B}.Release|Any CPU.Build.0 = Release|Any CPU
		{3126424C-E7BA-4B83-BC64-6CCEC9E9224F}.Debug|Any CPU.ActiveCfg = Debug|Any CPU
		{3126424C-E7BA-4B83-BC64-6CCEC9E9224F}.Debug|Any CPU.Build.0 = Debug|Any CPU
		{3126424C-E7BA-4B83-BC64-6CCEC9E9224F}.Release|Any CPU.ActiveCfg = Release|Any CPU
		{3126424C-E7BA-4B83-BC64-6CCEC9E9224F}.Release|Any CPU.Build.0 = Release|Any CPU
		{93A84B71-69E4-4F48-8A84-40FE1E3C449D}.Debug|Any CPU.ActiveCfg = Debug|Any CPU
		{93A84B71-69E4-4F48-8A84-40FE1E3C449D}.Debug|Any CPU.Build.0 = Debug|Any CPU
		{93A84B71-69E4-4F48-8A84-40FE1E3C449D}.Release|Any CPU.ActiveCfg = Release|Any CPU
		{93A84B71-69E4-4F48-8A84-40FE1E3C449D}.Release|Any CPU.Build.0 = Release|Any CPU
		{E8D76F63-E109-4581-8C3E-CBD8750092AE}.Debug|Any CPU.ActiveCfg = Debug|Any CPU
		{E8D76F63-E109-4581-8C3E-CBD8750092AE}.Debug|Any CPU.Build.0 = Debug|Any CPU
		{E8D76F63-E109-4581-8C3E-CBD8750092AE}.Release|Any CPU.ActiveCfg = Release|Any CPU
		{E8D76F63-E109-4581-8C3E-CBD8750092AE}.Release|Any CPU.Build.0 = Release|Any CPU
		{05541C59-ABE9-4F71-A098-72793110C3FD}.Debug|Any CPU.ActiveCfg = Debug|Any CPU
		{05541C59-ABE9-4F71-A098-72793110C3FD}.Debug|Any CPU.Build.0 = Debug|Any CPU
		{05541C59-ABE9-4F71-A098-72793110C3FD}.Release|Any CPU.ActiveCfg = Release|Any CPU
		{05541C59-ABE9-4F71-A098-72793110C3FD}.Release|Any CPU.Build.0 = Release|Any CPU
		{5E9B9867-2B9E-4F9C-A875-56AD3161EB8F}.Debug|Any CPU.ActiveCfg = Debug|Any CPU
		{5E9B9867-2B9E-4F9C-A875-56AD3161EB8F}.Debug|Any CPU.Build.0 = Debug|Any CPU
		{5E9B9867-2B9E-4F9C-A875-56AD3161EB8F}.Release|Any CPU.ActiveCfg = Release|Any CPU
		{5E9B9867-2B9E-4F9C-A875-56AD3161EB8F}.Release|Any CPU.Build.0 = Release|Any CPU
		{B9CE5CDE-0A96-4047-829F-79DA8B31EAF0}.Debug|Any CPU.ActiveCfg = Debug|Any CPU
		{B9CE5CDE-0A96-4047-829F-79DA8B31EAF0}.Debug|Any CPU.Build.0 = Debug|Any CPU
		{B9CE5CDE-0A96-4047-829F-79DA8B31EAF0}.Release|Any CPU.ActiveCfg = Release|Any CPU
		{B9CE5CDE-0A96-4047-829F-79DA8B31EAF0}.Release|Any CPU.Build.0 = Release|Any CPU
	EndGlobalSection
	GlobalSection(SolutionProperties) = preSolution
		HideSolutionNode = FALSE
	EndGlobalSection
	GlobalSection(NestedProjects) = preSolution
		{DD558410-B51B-4253-BDC6-41615C90676C} = {B9B5D14E-42D0-4CC5-9DC0-C0760602C675}
		{F44EC808-CD26-4604-AFDE-008B3605F380} = {B9B5D14E-42D0-4CC5-9DC0-C0760602C675}
		{08010BF7-5939-4D38-88CC-8359E627FB75} = {F38C5DD2-5493-44A3-ADCD-29DC01F4B0BA}
		{E9F5EB66-EADB-465F-B590-17E7E3328406} = {08010BF7-5939-4D38-88CC-8359E627FB75}
		{B9B5D14E-42D0-4CC5-9DC0-C0760602C675} = {E9F5EB66-EADB-465F-B590-17E7E3328406}
		{329A3C13-1703-4C90-9A8A-880E52D29AD9} = {E9F5EB66-EADB-465F-B590-17E7E3328406}
		{A1475A3C-3953-48C6-ACF0-78A8346A4F46} = {329A3C13-1703-4C90-9A8A-880E52D29AD9}
		{51B946E9-90A8-44A6-AAF4-125DA1364BF0} = {7616475E-353F-4B13-A382-E80053159D4B}
		{FBF1FF4B-AA1E-49AB-82FD-5439542E02AB} = {8DAB565F-41A7-493F-8447-A3BDBAE68603}
		{8DAB565F-41A7-493F-8447-A3BDBAE68603} = {51B946E9-90A8-44A6-AAF4-125DA1364BF0}
		{7BD988CD-38FE-4CAC-BA6D-F4AB7765D5B3} = {8DAB565F-41A7-493F-8447-A3BDBAE68603}
		{4C1F4B88-A4C6-43BF-9499-3A811FFFC4CA} = {8DAB565F-41A7-493F-8447-A3BDBAE68603}
		{A38C2045-0353-41D8-B915-9FB272463A74} = {4C1F4B88-A4C6-43BF-9499-3A811FFFC4CA}
		{AB0F2D61-7262-466E-AB2C-23C11615B56B} = {7BD988CD-38FE-4CAC-BA6D-F4AB7765D5B3}
		{59B8029D-3746-4B7E-81B0-95009378CCF9} = {8DAB565F-41A7-493F-8447-A3BDBAE68603}
		{3126424C-E7BA-4B83-BC64-6CCEC9E9224F} = {59B8029D-3746-4B7E-81B0-95009378CCF9}
		{D62C462F-2FC7-498C-B031-92E12D9C9132} = {F38C5DD2-5493-44A3-ADCD-29DC01F4B0BA}
		{C045B316-086E-40C2-A3C7-E5F6F41B2FDF} = {D62C462F-2FC7-498C-B031-92E12D9C9132}
		{97CDB375-5EFE-45E7-80FA-222282625B8E} = {C045B316-086E-40C2-A3C7-E5F6F41B2FDF}
		{DCACE13D-38C4-434A-8D1F-3903DEC6F739} = {C045B316-086E-40C2-A3C7-E5F6F41B2FDF}
		{93A84B71-69E4-4F48-8A84-40FE1E3C449D} = {BCEA0929-CF46-4507-8C56-7312848CA02A}
		{E8D76F63-E109-4581-8C3E-CBD8750092AE} = {B50AE77C-13CD-4AF4-BF0F-D94A93DD98B8}
		{BCEA0929-CF46-4507-8C56-7312848CA02A} = {DCACE13D-38C4-434A-8D1F-3903DEC6F739}
		{B50AE77C-13CD-4AF4-BF0F-D94A93DD98B8} = {97CDB375-5EFE-45E7-80FA-222282625B8E}
		{38D0F5C1-A783-405B-8CD6-CB5BD7652E7A} = {D62C462F-2FC7-498C-B031-92E12D9C9132}
		{D0B6C964-FF20-4B81-A6D5-66A49FCC29E4} = {38D0F5C1-A783-405B-8CD6-CB5BD7652E7A}
		{05541C59-ABE9-4F71-A098-72793110C3FD} = {D0B6C964-FF20-4B81-A6D5-66A49FCC29E4}
		{3F6E1D63-CBD8-4118-B517-192195BCAD2C} = {D62C462F-2FC7-498C-B031-92E12D9C9132}
		{0CE7731B-50D6-4395-9D92-704CBEA6C2A5} = {3F6E1D63-CBD8-4118-B517-192195BCAD2C}
		{5E9B9867-2B9E-4F9C-A875-56AD3161EB8F} = {0CE7731B-50D6-4395-9D92-704CBEA6C2A5}
		{49DB5B99-515E-4A1B-9915-026EB8679C7E} = {D62C462F-2FC7-498C-B031-92E12D9C9132}
		{38463528-1BBE-4F7F-9EC5-2FEA41558FE3} = {49DB5B99-515E-4A1B-9915-026EB8679C7E}
		{B9CE5CDE-0A96-4047-829F-79DA8B31EAF0} = {38463528-1BBE-4F7F-9EC5-2FEA41558FE3}
	EndGlobalSection
	GlobalSection(ExtensibilityGlobals) = postSolution
		SolutionGuid = {7E281318-3862-4F3D-AA62-85A8E41186F9}
	EndGlobalSection
EndGlobal
