
Microsoft Visual Studio Solution File, Format Version 12.00
# Visual Studio Version 17
VisualStudioVersion = 17.1.31911.260
MinimumVisualStudioVersion = 10.0.40219.1
Project("{9A19103F-16F7-4668-BE54-9A1E7A4F7556}") = "Shipping", "GOF\Creational Patterns\AbstractFactory\Shipping\Shipping\Shipping.csproj", "{DD558410-B51B-4253-BDC6-41615C90676C}"
EndProject
Project("{9A19103F-16F7-4668-BE54-9A1E7A4F7556}") = "Shipping.Tests", "GOF\Creational Patterns\AbstractFactory\Shipping\Shipping.Tests\Shipping.Tests.csproj", "{F44EC808-CD26-4604-AFDE-008B3605F380}"
EndProject
Project("{2150E333-8FDC-42A3-9474-1A3956D46DE8}") = "Creational Patterns", "Creational Patterns", "{08010BF7-5939-4D38-88CC-8359E627FB75}"
EndProject
Project("{2150E333-8FDC-42A3-9474-1A3956D46DE8}") = "AbstractFactory", "AbstractFactory", "{E9F5EB66-EADB-465F-B590-17E7E3328406}"
EndProject
Project("{2150E333-8FDC-42A3-9474-1A3956D46DE8}") = "Shipping", "Shipping", "{B9B5D14E-42D0-4CC5-9DC0-C0760602C675}"
EndProject
Project("{2150E333-8FDC-42A3-9474-1A3956D46DE8}") = "GOF", "GOF", "{F38C5DD2-5493-44A3-ADCD-29DC01F4B0BA}"
EndProject
Project("{2150E333-8FDC-42A3-9474-1A3956D46DE8}") = "CarFactory", "CarFactory", "{329A3C13-1703-4C90-9A8A-880E52D29AD9}"
EndProject
Project("{9A19103F-16F7-4668-BE54-9A1E7A4F7556}") = "CarFactory", "GOF\Creational Patterns\AbstractFactory\CarFactory\CarFactory.csproj", "{A1475A3C-3953-48C6-ACF0-78A8346A4F46}"
EndProject
Project("{2150E333-8FDC-42A3-9474-1A3956D46DE8}") = "DataAccess", "DataAccess", "{7616475E-353F-4B13-A382-E80053159D4B}"
EndProject
Project("{2150E333-8FDC-42A3-9474-1A3956D46DE8}") = "Repository", "Repository", "{51B946E9-90A8-44A6-AAF4-125DA1364BF0}"
EndProject
Project("{9A19103F-16F7-4668-BE54-9A1E7A4F7556}") = "Sales", "DataAccess\Repository\Sales\Sales.csproj", "{FBF1FF4B-AA1E-49AB-82FD-5439542E02AB}"
EndProject
Project("{2150E333-8FDC-42A3-9474-1A3956D46DE8}") = "Sale", "Sale", "{8DAB565F-41A7-493F-8447-A3BDBAE68603}"
EndProject
Project("{2150E333-8FDC-42A3-9474-1A3956D46DE8}") = "BusinessLayer", "BusinessLayer", "{7BD988CD-38FE-4CAC-BA6D-F4AB7765D5B3}"
EndProject
Project("{2150E333-8FDC-42A3-9474-1A3956D46DE8}") = "DataAccessLayer", "DataAccessLayer", "{4C1F4B88-A4C6-43BF-9499-3A811FFFC4CA}"
EndProject
Project("{9A19103F-16F7-4668-BE54-9A1E7A4F7556}") = "Sales.DataAccess", "DataAccess\Repository\DataAccessLayer\Sales.DataAccess\Sales.DataAccess.csproj", "{A38C2045-0353-41D8-B915-9FB272463A74}"
EndProject
Project("{9A19103F-16F7-4668-BE54-9A1E7A4F7556}") = "Sales.Domain", "DataAccess\Repository\BusinessLayer\Sales.Domain\Sales.Domain.csproj", "{AB0F2D61-7262-466E-AB2C-23C11615B56B}"
EndProject
Project("{2150E333-8FDC-42A3-9474-1A3956D46DE8}") = "ApplicationLayer", "ApplicationLayer", "{59B8029D-3746-4B7E-81B0-95009378CCF9}"
EndProject
Project("{9A19103F-16F7-4668-BE54-9A1E7A4F7556}") = "Sales.Application", "DataAccess\Repository\ApplicationLayer\Sales.Application\Sales.Application.csproj", "{3126424C-E7BA-4B83-BC64-6CCEC9E9224F}"
EndProject
Project("{2150E333-8FDC-42A3-9474-1A3956D46DE8}") = "Structural Patterns", "Structural Patterns", "{D62C462F-2FC7-498C-B031-92E12D9C9132}"
EndProject
Project("{2150E333-8FDC-42A3-9474-1A3956D46DE8}") = "Adapter", "Adapter", "{C045B316-086E-40C2-A3C7-E5F6F41B2FDF}"
EndProject
Project("{2150E333-8FDC-42A3-9474-1A3956D46DE8}") = "Object Adapter", "Object Adapter", "{97CDB375-5EFE-45E7-80FA-222282625B8E}"
EndProject
Project("{2150E333-8FDC-42A3-9474-1A3956D46DE8}") = "Class Adapter", "Class Adapter", "{DCACE13D-38C4-434A-8D1F-3903DEC6F739}"
EndProject
Project("{9A19103F-16F7-4668-BE54-9A1E7A4F7556}") = "ClassAdapterPatternBaseExample", "GOF\Structural Patterns\Adapter\Class Adapter\ClassAdapterPatternBaseExample\ClassAdapterPatternBaseExample.csproj", "{93A84B71-69E4-4F48-8A84-40FE1E3C449D}"
EndProject
Project("{9A19103F-16F7-4668-BE54-9A1E7A4F7556}") = "ObjectAdapterBaseExample", "GOF\Structural Patterns\Adapter\Object Adapter\ObjectAdapterBaseExample\ObjectAdapterBaseExample.csproj", "{E8D76F63-E109-4581-8C3E-CBD8750092AE}"
EndProject
Project("{2150E333-8FDC-42A3-9474-1A3956D46DE8}") = "Base", "Base", "{BCEA0929-CF46-4507-8C56-7312848CA02A}"
EndProject
Project("{2150E333-8FDC-42A3-9474-1A3956D46DE8}") = "Base", "Base", "{B50AE77C-13CD-4AF4-BF0F-D94A93DD98B8}"
EndProject
Project("{2150E333-8FDC-42A3-9474-1A3956D46DE8}") = "Decorator", "Decorator", "{38D0F5C1-A783-405B-8CD6-CB5BD7652E7A}"
EndProject
Project("{2150E333-8FDC-42A3-9474-1A3956D46DE8}") = "Base", "Base", "{D0B6C964-FF20-4B81-A6D5-66A49FCC29E4}"
EndProject
Project("{9A19103F-16F7-4668-BE54-9A1E7A4F7556}") = "DecoratorBaseExample", "GOF\Structural Patterns\Decorator\Base\DecoratorBaseExample\DecoratorBaseExample.csproj", "{05541C59-ABE9-4F71-A098-72793110C3FD}"
EndProject
Project("{2150E333-8FDC-42A3-9474-1A3956D46DE8}") = "Facade", "Facade", "{3F6E1D63-CBD8-4118-B517-192195BCAD2C}"
EndProject
Project("{2150E333-8FDC-42A3-9474-1A3956D46DE8}") = "Base", "Base", "{0CE7731B-50D6-4395-9D92-704CBEA6C2A5}"
EndProject
Project("{9A19103F-16F7-4668-BE54-9A1E7A4F7556}") = "FacadeBaseExample", "GOF\Structural Patterns\Facade\Base\FacadeBaseExample\FacadeBaseExample.csproj", "{5E9B9867-2B9E-4F9C-A875-56AD3161EB8F}"
EndProject
Project("{2150E333-8FDC-42A3-9474-1A3956D46DE8}") = "Composite", "Composite", "{49DB5B99-515E-4A1B-9915-026EB8679C7E}"
EndProject
Project("{2150E333-8FDC-42A3-9474-1A3956D46DE8}") = "Base", "Base", "{38463528-1BBE-4F7F-9EC5-2FEA41558FE3}"
EndProject
Project("{9A19103F-16F7-4668-BE54-9A1E7A4F7556}") = "CompositeBaseExample", "GOF\Structural Patterns\Composite\Base\CompositeBaseExample\CompositeBaseExample.csproj", "{B9CE5CDE-0A96-4047-829F-79DA8B31EAF0}"
EndProject
Project("{2150E333-8FDC-42A3-9474-1A3956D46DE8}") = "Flyweight", "Flyweight", "{F2656282-D791-4E47-B591-09F70C681C23}"
EndProject
Project("{2150E333-8FDC-42A3-9474-1A3956D46DE8}") = "Location", "Location", "{9CCA60A4-851A-48E0-AA27-5029D96A106E}"
EndProject
Project("{9A19103F-16F7-4668-BE54-9A1E7A4F7556}") = "FlyweightLocation", "GOF\Structural Patterns\Flyweight\FlyweightLocation\FlyweightLocation.csproj", "{E92912CE-E085-4E39-9E2B-E27F21F3B616}"
EndProject
Project("{2150E333-8FDC-42A3-9474-1A3956D46DE8}") = "Bridge", "Bridge", "{2B4DF2BC-5BCE-40FE-8055-64DCE2091E1E}"
EndProject
Project("{2150E333-8FDC-42A3-9474-1A3956D46DE8}") = "TvRemote", "TvRemote", "{CC019E83-6BF1-4770-BF2F-306FEA19669D}"
EndProject
Project("{9A19103F-16F7-4668-BE54-9A1E7A4F7556}") = "TvRemote", "GOF\Structural Patterns\Bridge\TvRemote\TvRemote.csproj", "{C6A362A2-ECB9-4737-835C-C3D6A59742E5}"
EndProject
Project("{2150E333-8FDC-42A3-9474-1A3956D46DE8}") = "Proxy", "Proxy", "{4C6CA73B-40D5-443C-9669-6524A2E2C1A0}"
EndProject
Project("{2150E333-8FDC-42A3-9474-1A3956D46DE8}") = "Base", "Base", "{BDBD8340-C42C-4C1D-B7F1-E211A7D3C84C}"
EndProject
Project("{9A19103F-16F7-4668-BE54-9A1E7A4F7556}") = "ProxyBaseExample", "GOF\Structural Patterns\Proxy\ProxyBaseExample\ProxyBaseExample.csproj", "{9D80493A-C14E-4599-BA60-23DF5ED304C5}"
EndProject
Project("{2150E333-8FDC-42A3-9474-1A3956D46DE8}") = "Prototype", "Prototype", "{7649DFEC-B278-4FD1-B633-639ABF7D978E}"
EndProject
Project("{2150E333-8FDC-42A3-9474-1A3956D46DE8}") = "ShapeClone", "ShapeClone", "{7D9DDD06-052A-4958-A8D7-F86A04F72944}"
EndProject
Project("{9A19103F-16F7-4668-BE54-9A1E7A4F7556}") = "ShapeClone", "GOF\Creational Patterns\Prototype\ShapeClone\ShapeClone.csproj", "{7B32C87D-6B39-4C9C-A39E-AA842CF18AF5}"
EndProject
Project("{2150E333-8FDC-42A3-9474-1A3956D46DE8}") = "Singleton", "Singleton", "{0D8E922C-0A1F-456B-A381-3380646E9D29}"
EndProject
Project("{9A19103F-16F7-4668-BE54-9A1E7A4F7556}") = "ConfigManager", "GOF\Creational Patterns\Singleton\ConfigManager\ConfigManager.csproj", "{FF790C08-67D9-467F-B5C5-8392A5678711}"
EndProject
Project("{2150E333-8FDC-42A3-9474-1A3956D46DE8}") = "FactoryMethod", "FactoryMethod", "{D5DAD559-9281-470B-8D4E-0BA931843CC7}"
EndProject
Project("{2150E333-8FDC-42A3-9474-1A3956D46DE8}") = "RenderEngine", "RenderEngine", "{108490A2-D38B-4404-B36A-101B284DD00C}"
EndProject
Project("{9A19103F-16F7-4668-BE54-9A1E7A4F7556}") = "RenderEngine", "GOF\Creational Patterns\FactoryMethod\RenderEngine\RenderEngine.csproj", "{8AF76BD0-AAFE-4686-9136-2E6627D1000E}"
EndProject
Project("{9A19103F-16F7-4668-BE54-9A1E7A4F7556}") = "WidgetTheme", "GOF\Creational Patterns\AbstractFactory\WidgetTheme\WidgetTheme.csproj", "{736E272D-A364-4A1B-99BA-6BB3C30DB65A}"
EndProject
Project("{2150E333-8FDC-42A3-9474-1A3956D46DE8}") = "WidgetTheme", "WidgetTheme", "{0ACB8D01-BCE0-4079-81C1-EE1DFB52E126}"
EndProject
Project("{2150E333-8FDC-42A3-9474-1A3956D46DE8}") = "Behavioral Patterns", "Behavioral Patterns", "{BE191D29-3E82-4ED0-A351-8D233A21E8EF}"
EndProject
Project("{2150E333-8FDC-42A3-9474-1A3956D46DE8}") = "Memento", "Memento", "{53EBB137-DE77-4698-BD6C-7A51636E8119}"
EndProject
Project("{9A19103F-16F7-4668-BE54-9A1E7A4F7556}") = "Editor", "GOF\Behavioral Patterns\Memento\Editor\Editor.csproj", "{AAD9630C-6B86-4D55-A1F4-B129A3C45769}"
EndProject
Project("{2150E333-8FDC-42A3-9474-1A3956D46DE8}") = "Editor", "Editor", "{AEF84882-6E09-4A98-B5D7-CD7D5F16697A}"
EndProject
Project("{2150E333-8FDC-42A3-9474-1A3956D46DE8}") = "State", "State", "{8736A224-D063-4405-B79A-B436A9C15DC2}"
EndProject
Project("{2150E333-8FDC-42A3-9474-1A3956D46DE8}") = "DocumentManagement", "DocumentManagement", "{0E68FF77-ADF9-4ACC-A3B2-A9FB3035151E}"
EndProject
Project("{9A19103F-16F7-4668-BE54-9A1E7A4F7556}") = "DocumentManagement", "GOF\Behavioral Patterns\State\DocumentManagement\DocumentManagement.csproj", "{76798B2B-3EC1-44CB-A5F2-F0BC8FEED3CC}"
EndProject
Project("{2150E333-8FDC-42A3-9474-1A3956D46DE8}") = "Iterator", "Iterator", "{ED31C877-7DD5-4AE2-8BF4-715C37505BF1}"
EndProject
Project("{2150E333-8FDC-42A3-9474-1A3956D46DE8}") = "Builder", "Builder", "{114B6C19-A7B3-4E54-BD5D-6ECA3CC48870}"
EndProject
Project("{2150E333-8FDC-42A3-9474-1A3956D46DE8}") = "File Systems", "File Systems", "{CA8CF455-B834-4136-A5D9-958EF2076839}"
EndProject
Project("{9A19103F-16F7-4668-BE54-9A1E7A4F7556}") = "FileSystemSample", "GOF\Structural Patterns\Composite\File System\FileSystemSample\FileSystemSample.csproj", "{739428A3-AB98-4CCC-B526-7C3197AB2932}"
EndProject
Project("{9A19103F-16F7-4668-BE54-9A1E7A4F7556}") = "FileSystemSample.Tests", "GOF\Structural Patterns\Composite\File System\FileSystemSample.Tests\FileSystemSample.Tests.csproj", "{08DE0EA5-1F72-4DDA-BD07-98A25EB20A32}"
EndProject
Project("{2150E333-8FDC-42A3-9474-1A3956D46DE8}") = "Visitor", "Visitor", "{3487FA74-6461-47EA-8319-36E99CD64D34}"
EndProject
Project("{2150E333-8FDC-42A3-9474-1A3956D46DE8}") = "OData", "OData", "{DBD6A3B3-34D5-454B-8C38-C30D2B73B3CA}"
EndProject
Project("{9A19103F-16F7-4668-BE54-9A1E7A4F7556}") = "ODataSample.Tests", "GOF\Behavioral Patterns\Visitor\OData\ODataSample.Tests\ODataSample.Tests.csproj", "{0B5420DA-F5AF-4E1C-A76E-15F58C8271F8}"
EndProject
Project("{9A19103F-16F7-4668-BE54-9A1E7A4F7556}") = "ODataSample", "GOF\Behavioral Patterns\Visitor\OData\ODataSample\ODataSample.csproj", "{EE25A51A-A61D-406B-945E-4DB1E12E1352}"
EndProject
Project("{9A19103F-16F7-4668-BE54-9A1E7A4F7556}") = "MazeGame", "GOF\Creational Patterns\Builder\Standard Builder\MazeGame\MazeGame\MazeGame.csproj", "{7DB12AF8-8A9E-4B54-A401-09B10B904F3A}"
EndProject
Project("{2150E333-8FDC-42A3-9474-1A3956D46DE8}") = "MazeGame", "MazeGame", "{E1B68BBA-23BA-435D-9C5C-F560FCEBA3E6}"
EndProject
Project("{9A19103F-16F7-4668-BE54-9A1E7A4F7556}") = "MazeGame.Tests", "GOF\Creational Patterns\Builder\Standard Builder\MazeGame\MazeGame.Tests\MazeGame.Tests.csproj", "{767437DE-D704-40FB-8E29-A4326C6811B5}"
EndProject
Project("{2150E333-8FDC-42A3-9474-1A3956D46DE8}") = "Standard Builder", "Standard Builder", "{BB26530D-1065-4CC0-B1A0-0B8E9AB544ED}"
EndProject
Project("{2150E333-8FDC-42A3-9474-1A3956D46DE8}") = "Fluent Builder", "Fluent Builder", "{96F87558-BC95-442E-9257-ED0DEE00C179}"
EndProject
Project("{2150E333-8FDC-42A3-9474-1A3956D46DE8}") = "Step Builder", "Step Builder", "{C3BFDA5B-CBE5-45D7-A892-F554BAC2D920}"
EndProject
Project("{FAE04EC0-301F-11D3-BF4B-00C04F79EFBC}") = "BuildingHouse", "GOF\Creational Patterns\Builder\Fluent Builder\BuildingHouse\BuildingHouse.csproj", "{6563290D-1C26-4D06-89E6-A9E5708B2852}"
EndProject
Project("{FAE04EC0-301F-11D3-BF4B-00C04F79EFBC}") = "BuildingHouse.Tests", "GOF\Creational Patterns\Builder\Fluent Builder\BuildingHouse.Tests\BuildingHouse.Tests.csproj", "{192AF600-204D-4D2E-BEF2-5B0EE9EAAEC1}"
EndProject
Global
	GlobalSection(SolutionConfigurationPlatforms) = preSolution
		Debug|Any CPU = Debug|Any CPU
		Release|Any CPU = Release|Any CPU
	EndGlobalSection
	GlobalSection(ProjectConfigurationPlatforms) = postSolution
		{DD558410-B51B-4253-BDC6-41615C90676C}.Debug|Any CPU.ActiveCfg = Debug|Any CPU
		{DD558410-B51B-4253-BDC6-41615C90676C}.Debug|Any CPU.Build.0 = Debug|Any CPU
		{DD558410-B51B-4253-BDC6-41615C90676C}.Release|Any CPU.ActiveCfg = Release|Any CPU
		{DD558410-B51B-4253-BDC6-41615C90676C}.Release|Any CPU.Build.0 = Release|Any CPU
		{F44EC808-CD26-4604-AFDE-008B3605F380}.Debug|Any CPU.ActiveCfg = Debug|Any CPU
		{F44EC808-CD26-4604-AFDE-008B3605F380}.Debug|Any CPU.Build.0 = Debug|Any CPU
		{F44EC808-CD26-4604-AFDE-008B3605F380}.Release|Any CPU.ActiveCfg = Release|Any CPU
		{F44EC808-CD26-4604-AFDE-008B3605F380}.Release|Any CPU.Build.0 = Release|Any CPU
		{A1475A3C-3953-48C6-ACF0-78A8346A4F46}.Debug|Any CPU.ActiveCfg = Debug|Any CPU
		{A1475A3C-3953-48C6-ACF0-78A8346A4F46}.Debug|Any CPU.Build.0 = Debug|Any CPU
		{A1475A3C-3953-48C6-ACF0-78A8346A4F46}.Release|Any CPU.ActiveCfg = Release|Any CPU
		{A1475A3C-3953-48C6-ACF0-78A8346A4F46}.Release|Any CPU.Build.0 = Release|Any CPU
		{FBF1FF4B-AA1E-49AB-82FD-5439542E02AB}.Debug|Any CPU.ActiveCfg = Debug|Any CPU
		{FBF1FF4B-AA1E-49AB-82FD-5439542E02AB}.Debug|Any CPU.Build.0 = Debug|Any CPU
		{FBF1FF4B-AA1E-49AB-82FD-5439542E02AB}.Release|Any CPU.ActiveCfg = Release|Any CPU
		{FBF1FF4B-AA1E-49AB-82FD-5439542E02AB}.Release|Any CPU.Build.0 = Release|Any CPU
		{A38C2045-0353-41D8-B915-9FB272463A74}.Debug|Any CPU.ActiveCfg = Debug|Any CPU
		{A38C2045-0353-41D8-B915-9FB272463A74}.Debug|Any CPU.Build.0 = Debug|Any CPU
		{A38C2045-0353-41D8-B915-9FB272463A74}.Release|Any CPU.ActiveCfg = Release|Any CPU
		{A38C2045-0353-41D8-B915-9FB272463A74}.Release|Any CPU.Build.0 = Release|Any CPU
		{AB0F2D61-7262-466E-AB2C-23C11615B56B}.Debug|Any CPU.ActiveCfg = Debug|Any CPU
		{AB0F2D61-7262-466E-AB2C-23C11615B56B}.Debug|Any CPU.Build.0 = Debug|Any CPU
		{AB0F2D61-7262-466E-AB2C-23C11615B56B}.Release|Any CPU.ActiveCfg = Release|Any CPU
		{AB0F2D61-7262-466E-AB2C-23C11615B56B}.Release|Any CPU.Build.0 = Release|Any CPU
		{3126424C-E7BA-4B83-BC64-6CCEC9E9224F}.Debug|Any CPU.ActiveCfg = Debug|Any CPU
		{3126424C-E7BA-4B83-BC64-6CCEC9E9224F}.Debug|Any CPU.Build.0 = Debug|Any CPU
		{3126424C-E7BA-4B83-BC64-6CCEC9E9224F}.Release|Any CPU.ActiveCfg = Release|Any CPU
		{3126424C-E7BA-4B83-BC64-6CCEC9E9224F}.Release|Any CPU.Build.0 = Release|Any CPU
		{93A84B71-69E4-4F48-8A84-40FE1E3C449D}.Debug|Any CPU.ActiveCfg = Debug|Any CPU
		{93A84B71-69E4-4F48-8A84-40FE1E3C449D}.Debug|Any CPU.Build.0 = Debug|Any CPU
		{93A84B71-69E4-4F48-8A84-40FE1E3C449D}.Release|Any CPU.ActiveCfg = Release|Any CPU
		{93A84B71-69E4-4F48-8A84-40FE1E3C449D}.Release|Any CPU.Build.0 = Release|Any CPU
		{E8D76F63-E109-4581-8C3E-CBD8750092AE}.Debug|Any CPU.ActiveCfg = Debug|Any CPU
		{E8D76F63-E109-4581-8C3E-CBD8750092AE}.Debug|Any CPU.Build.0 = Debug|Any CPU
		{E8D76F63-E109-4581-8C3E-CBD8750092AE}.Release|Any CPU.ActiveCfg = Release|Any CPU
		{E8D76F63-E109-4581-8C3E-CBD8750092AE}.Release|Any CPU.Build.0 = Release|Any CPU
		{05541C59-ABE9-4F71-A098-72793110C3FD}.Debug|Any CPU.ActiveCfg = Debug|Any CPU
		{05541C59-ABE9-4F71-A098-72793110C3FD}.Debug|Any CPU.Build.0 = Debug|Any CPU
		{05541C59-ABE9-4F71-A098-72793110C3FD}.Release|Any CPU.ActiveCfg = Release|Any CPU
		{05541C59-ABE9-4F71-A098-72793110C3FD}.Release|Any CPU.Build.0 = Release|Any CPU
		{5E9B9867-2B9E-4F9C-A875-56AD3161EB8F}.Debug|Any CPU.ActiveCfg = Debug|Any CPU
		{5E9B9867-2B9E-4F9C-A875-56AD3161EB8F}.Debug|Any CPU.Build.0 = Debug|Any CPU
		{5E9B9867-2B9E-4F9C-A875-56AD3161EB8F}.Release|Any CPU.ActiveCfg = Release|Any CPU
		{5E9B9867-2B9E-4F9C-A875-56AD3161EB8F}.Release|Any CPU.Build.0 = Release|Any CPU
		{B9CE5CDE-0A96-4047-829F-79DA8B31EAF0}.Debug|Any CPU.ActiveCfg = Debug|Any CPU
		{B9CE5CDE-0A96-4047-829F-79DA8B31EAF0}.Debug|Any CPU.Build.0 = Debug|Any CPU
		{B9CE5CDE-0A96-4047-829F-79DA8B31EAF0}.Release|Any CPU.ActiveCfg = Release|Any CPU
		{B9CE5CDE-0A96-4047-829F-79DA8B31EAF0}.Release|Any CPU.Build.0 = Release|Any CPU
		{E92912CE-E085-4E39-9E2B-E27F21F3B616}.Debug|Any CPU.ActiveCfg = Debug|Any CPU
		{E92912CE-E085-4E39-9E2B-E27F21F3B616}.Debug|Any CPU.Build.0 = Debug|Any CPU
		{E92912CE-E085-4E39-9E2B-E27F21F3B616}.Release|Any CPU.ActiveCfg = Release|Any CPU
		{E92912CE-E085-4E39-9E2B-E27F21F3B616}.Release|Any CPU.Build.0 = Release|Any CPU
		{C6A362A2-ECB9-4737-835C-C3D6A59742E5}.Debug|Any CPU.ActiveCfg = Debug|Any CPU
		{C6A362A2-ECB9-4737-835C-C3D6A59742E5}.Debug|Any CPU.Build.0 = Debug|Any CPU
		{C6A362A2-ECB9-4737-835C-C3D6A59742E5}.Release|Any CPU.ActiveCfg = Release|Any CPU
		{C6A362A2-ECB9-4737-835C-C3D6A59742E5}.Release|Any CPU.Build.0 = Release|Any CPU
		{9D80493A-C14E-4599-BA60-23DF5ED304C5}.Debug|Any CPU.ActiveCfg = Debug|Any CPU
		{9D80493A-C14E-4599-BA60-23DF5ED304C5}.Debug|Any CPU.Build.0 = Debug|Any CPU
		{9D80493A-C14E-4599-BA60-23DF5ED304C5}.Release|Any CPU.ActiveCfg = Release|Any CPU
		{9D80493A-C14E-4599-BA60-23DF5ED304C5}.Release|Any CPU.Build.0 = Release|Any CPU
		{7B32C87D-6B39-4C9C-A39E-AA842CF18AF5}.Debug|Any CPU.ActiveCfg = Debug|Any CPU
		{7B32C87D-6B39-4C9C-A39E-AA842CF18AF5}.Debug|Any CPU.Build.0 = Debug|Any CPU
		{7B32C87D-6B39-4C9C-A39E-AA842CF18AF5}.Release|Any CPU.ActiveCfg = Release|Any CPU
		{7B32C87D-6B39-4C9C-A39E-AA842CF18AF5}.Release|Any CPU.Build.0 = Release|Any CPU
		{FF790C08-67D9-467F-B5C5-8392A5678711}.Debug|Any CPU.ActiveCfg = Debug|Any CPU
		{FF790C08-67D9-467F-B5C5-8392A5678711}.Debug|Any CPU.Build.0 = Debug|Any CPU
		{FF790C08-67D9-467F-B5C5-8392A5678711}.Release|Any CPU.ActiveCfg = Release|Any CPU
		{FF790C08-67D9-467F-B5C5-8392A5678711}.Release|Any CPU.Build.0 = Release|Any CPU
		{8AF76BD0-AAFE-4686-9136-2E6627D1000E}.Debug|Any CPU.ActiveCfg = Debug|Any CPU
		{8AF76BD0-AAFE-4686-9136-2E6627D1000E}.Debug|Any CPU.Build.0 = Debug|Any CPU
		{8AF76BD0-AAFE-4686-9136-2E6627D1000E}.Release|Any CPU.ActiveCfg = Release|Any CPU
		{8AF76BD0-AAFE-4686-9136-2E6627D1000E}.Release|Any CPU.Build.0 = Release|Any CPU
		{736E272D-A364-4A1B-99BA-6BB3C30DB65A}.Debug|Any CPU.ActiveCfg = Debug|Any CPU
		{736E272D-A364-4A1B-99BA-6BB3C30DB65A}.Debug|Any CPU.Build.0 = Debug|Any CPU
		{736E272D-A364-4A1B-99BA-6BB3C30DB65A}.Release|Any CPU.ActiveCfg = Release|Any CPU
		{736E272D-A364-4A1B-99BA-6BB3C30DB65A}.Release|Any CPU.Build.0 = Release|Any CPU
		{AAD9630C-6B86-4D55-A1F4-B129A3C45769}.Debug|Any CPU.ActiveCfg = Debug|Any CPU
		{AAD9630C-6B86-4D55-A1F4-B129A3C45769}.Debug|Any CPU.Build.0 = Debug|Any CPU
		{AAD9630C-6B86-4D55-A1F4-B129A3C45769}.Release|Any CPU.ActiveCfg = Release|Any CPU
		{AAD9630C-6B86-4D55-A1F4-B129A3C45769}.Release|Any CPU.Build.0 = Release|Any CPU
		{76798B2B-3EC1-44CB-A5F2-F0BC8FEED3CC}.Debug|Any CPU.ActiveCfg = Debug|Any CPU
		{76798B2B-3EC1-44CB-A5F2-F0BC8FEED3CC}.Debug|Any CPU.Build.0 = Debug|Any CPU
		{76798B2B-3EC1-44CB-A5F2-F0BC8FEED3CC}.Release|Any CPU.ActiveCfg = Release|Any CPU
		{76798B2B-3EC1-44CB-A5F2-F0BC8FEED3CC}.Release|Any CPU.Build.0 = Release|Any CPU
		{739428A3-AB98-4CCC-B526-7C3197AB2932}.Debug|Any CPU.ActiveCfg = Debug|Any CPU
		{739428A3-AB98-4CCC-B526-7C3197AB2932}.Debug|Any CPU.Build.0 = Debug|Any CPU
		{739428A3-AB98-4CCC-B526-7C3197AB2932}.Release|Any CPU.ActiveCfg = Release|Any CPU
		{739428A3-AB98-4CCC-B526-7C3197AB2932}.Release|Any CPU.Build.0 = Release|Any CPU
		{08DE0EA5-1F72-4DDA-BD07-98A25EB20A32}.Debug|Any CPU.ActiveCfg = Debug|Any CPU
		{08DE0EA5-1F72-4DDA-BD07-98A25EB20A32}.Debug|Any CPU.Build.0 = Debug|Any CPU
		{08DE0EA5-1F72-4DDA-BD07-98A25EB20A32}.Release|Any CPU.ActiveCfg = Release|Any CPU
		{08DE0EA5-1F72-4DDA-BD07-98A25EB20A32}.Release|Any CPU.Build.0 = Release|Any CPU
		{0B5420DA-F5AF-4E1C-A76E-15F58C8271F8}.Debug|Any CPU.ActiveCfg = Debug|Any CPU
		{0B5420DA-F5AF-4E1C-A76E-15F58C8271F8}.Debug|Any CPU.Build.0 = Debug|Any CPU
		{0B5420DA-F5AF-4E1C-A76E-15F58C8271F8}.Release|Any CPU.ActiveCfg = Release|Any CPU
		{0B5420DA-F5AF-4E1C-A76E-15F58C8271F8}.Release|Any CPU.Build.0 = Release|Any CPU
		{EE25A51A-A61D-406B-945E-4DB1E12E1352}.Debug|Any CPU.ActiveCfg = Debug|Any CPU
		{EE25A51A-A61D-406B-945E-4DB1E12E1352}.Debug|Any CPU.Build.0 = Debug|Any CPU
		{EE25A51A-A61D-406B-945E-4DB1E12E1352}.Release|Any CPU.ActiveCfg = Release|Any CPU
		{EE25A51A-A61D-406B-945E-4DB1E12E1352}.Release|Any CPU.Build.0 = Release|Any CPU
		{7DB12AF8-8A9E-4B54-A401-09B10B904F3A}.Debug|Any CPU.ActiveCfg = Debug|Any CPU
		{7DB12AF8-8A9E-4B54-A401-09B10B904F3A}.Debug|Any CPU.Build.0 = Debug|Any CPU
		{7DB12AF8-8A9E-4B54-A401-09B10B904F3A}.Release|Any CPU.ActiveCfg = Release|Any CPU
		{7DB12AF8-8A9E-4B54-A401-09B10B904F3A}.Release|Any CPU.Build.0 = Release|Any CPU
		{767437DE-D704-40FB-8E29-A4326C6811B5}.Debug|Any CPU.ActiveCfg = Debug|Any CPU
		{767437DE-D704-40FB-8E29-A4326C6811B5}.Debug|Any CPU.Build.0 = Debug|Any CPU
		{767437DE-D704-40FB-8E29-A4326C6811B5}.Release|Any CPU.ActiveCfg = Release|Any CPU
		{767437DE-D704-40FB-8E29-A4326C6811B5}.Release|Any CPU.Build.0 = Release|Any CPU
		{6563290D-1C26-4D06-89E6-A9E5708B2852}.Debug|Any CPU.ActiveCfg = Debug|Any CPU
		{6563290D-1C26-4D06-89E6-A9E5708B2852}.Debug|Any CPU.Build.0 = Debug|Any CPU
		{6563290D-1C26-4D06-89E6-A9E5708B2852}.Release|Any CPU.ActiveCfg = Release|Any CPU
		{6563290D-1C26-4D06-89E6-A9E5708B2852}.Release|Any CPU.Build.0 = Release|Any CPU
		{192AF600-204D-4D2E-BEF2-5B0EE9EAAEC1}.Debug|Any CPU.ActiveCfg = Debug|Any CPU
		{192AF600-204D-4D2E-BEF2-5B0EE9EAAEC1}.Debug|Any CPU.Build.0 = Debug|Any CPU
		{192AF600-204D-4D2E-BEF2-5B0EE9EAAEC1}.Release|Any CPU.ActiveCfg = Release|Any CPU
		{192AF600-204D-4D2E-BEF2-5B0EE9EAAEC1}.Release|Any CPU.Build.0 = Release|Any CPU
	EndGlobalSection
	GlobalSection(SolutionProperties) = preSolution
		HideSolutionNode = FALSE
	EndGlobalSection
	GlobalSection(NestedProjects) = preSolution
		{DD558410-B51B-4253-BDC6-41615C90676C} = {B9B5D14E-42D0-4CC5-9DC0-C0760602C675}
		{F44EC808-CD26-4604-AFDE-008B3605F380} = {B9B5D14E-42D0-4CC5-9DC0-C0760602C675}
		{08010BF7-5939-4D38-88CC-8359E627FB75} = {F38C5DD2-5493-44A3-ADCD-29DC01F4B0BA}
		{E9F5EB66-EADB-465F-B590-17E7E3328406} = {08010BF7-5939-4D38-88CC-8359E627FB75}
		{B9B5D14E-42D0-4CC5-9DC0-C0760602C675} = {E9F5EB66-EADB-465F-B590-17E7E3328406}
		{329A3C13-1703-4C90-9A8A-880E52D29AD9} = {E9F5EB66-EADB-465F-B590-17E7E3328406}
		{A1475A3C-3953-48C6-ACF0-78A8346A4F46} = {329A3C13-1703-4C90-9A8A-880E52D29AD9}
		{51B946E9-90A8-44A6-AAF4-125DA1364BF0} = {7616475E-353F-4B13-A382-E80053159D4B}
		{FBF1FF4B-AA1E-49AB-82FD-5439542E02AB} = {8DAB565F-41A7-493F-8447-A3BDBAE68603}
		{8DAB565F-41A7-493F-8447-A3BDBAE68603} = {51B946E9-90A8-44A6-AAF4-125DA1364BF0}
		{7BD988CD-38FE-4CAC-BA6D-F4AB7765D5B3} = {8DAB565F-41A7-493F-8447-A3BDBAE68603}
		{4C1F4B88-A4C6-43BF-9499-3A811FFFC4CA} = {8DAB565F-41A7-493F-8447-A3BDBAE68603}
		{A38C2045-0353-41D8-B915-9FB272463A74} = {4C1F4B88-A4C6-43BF-9499-3A811FFFC4CA}
		{AB0F2D61-7262-466E-AB2C-23C11615B56B} = {7BD988CD-38FE-4CAC-BA6D-F4AB7765D5B3}
		{59B8029D-3746-4B7E-81B0-95009378CCF9} = {8DAB565F-41A7-493F-8447-A3BDBAE68603}
		{3126424C-E7BA-4B83-BC64-6CCEC9E9224F} = {59B8029D-3746-4B7E-81B0-95009378CCF9}
		{D62C462F-2FC7-498C-B031-92E12D9C9132} = {F38C5DD2-5493-44A3-ADCD-29DC01F4B0BA}
		{C045B316-086E-40C2-A3C7-E5F6F41B2FDF} = {D62C462F-2FC7-498C-B031-92E12D9C9132}
		{97CDB375-5EFE-45E7-80FA-222282625B8E} = {C045B316-086E-40C2-A3C7-E5F6F41B2FDF}
		{DCACE13D-38C4-434A-8D1F-3903DEC6F739} = {C045B316-086E-40C2-A3C7-E5F6F41B2FDF}
		{93A84B71-69E4-4F48-8A84-40FE1E3C449D} = {BCEA0929-CF46-4507-8C56-7312848CA02A}
		{E8D76F63-E109-4581-8C3E-CBD8750092AE} = {B50AE77C-13CD-4AF4-BF0F-D94A93DD98B8}
		{BCEA0929-CF46-4507-8C56-7312848CA02A} = {DCACE13D-38C4-434A-8D1F-3903DEC6F739}
		{B50AE77C-13CD-4AF4-BF0F-D94A93DD98B8} = {97CDB375-5EFE-45E7-80FA-222282625B8E}
		{38D0F5C1-A783-405B-8CD6-CB5BD7652E7A} = {D62C462F-2FC7-498C-B031-92E12D9C9132}
		{D0B6C964-FF20-4B81-A6D5-66A49FCC29E4} = {38D0F5C1-A783-405B-8CD6-CB5BD7652E7A}
		{05541C59-ABE9-4F71-A098-72793110C3FD} = {D0B6C964-FF20-4B81-A6D5-66A49FCC29E4}
		{3F6E1D63-CBD8-4118-B517-192195BCAD2C} = {D62C462F-2FC7-498C-B031-92E12D9C9132}
		{0CE7731B-50D6-4395-9D92-704CBEA6C2A5} = {3F6E1D63-CBD8-4118-B517-192195BCAD2C}
		{5E9B9867-2B9E-4F9C-A875-56AD3161EB8F} = {0CE7731B-50D6-4395-9D92-704CBEA6C2A5}
		{49DB5B99-515E-4A1B-9915-026EB8679C7E} = {D62C462F-2FC7-498C-B031-92E12D9C9132}
		{38463528-1BBE-4F7F-9EC5-2FEA41558FE3} = {49DB5B99-515E-4A1B-9915-026EB8679C7E}
		{B9CE5CDE-0A96-4047-829F-79DA8B31EAF0} = {38463528-1BBE-4F7F-9EC5-2FEA41558FE3}
		{F2656282-D791-4E47-B591-09F70C681C23} = {D62C462F-2FC7-498C-B031-92E12D9C9132}
		{9CCA60A4-851A-48E0-AA27-5029D96A106E} = {F2656282-D791-4E47-B591-09F70C681C23}
		{E92912CE-E085-4E39-9E2B-E27F21F3B616} = {9CCA60A4-851A-48E0-AA27-5029D96A106E}
		{2B4DF2BC-5BCE-40FE-8055-64DCE2091E1E} = {D62C462F-2FC7-498C-B031-92E12D9C9132}
		{CC019E83-6BF1-4770-BF2F-306FEA19669D} = {2B4DF2BC-5BCE-40FE-8055-64DCE2091E1E}
		{C6A362A2-ECB9-4737-835C-C3D6A59742E5} = {CC019E83-6BF1-4770-BF2F-306FEA19669D}
		{4C6CA73B-40D5-443C-9669-6524A2E2C1A0} = {D62C462F-2FC7-498C-B031-92E12D9C9132}
		{BDBD8340-C42C-4C1D-B7F1-E211A7D3C84C} = {4C6CA73B-40D5-443C-9669-6524A2E2C1A0}
		{9D80493A-C14E-4599-BA60-23DF5ED304C5} = {BDBD8340-C42C-4C1D-B7F1-E211A7D3C84C}
		{7649DFEC-B278-4FD1-B633-639ABF7D978E} = {08010BF7-5939-4D38-88CC-8359E627FB75}
		{7D9DDD06-052A-4958-A8D7-F86A04F72944} = {7649DFEC-B278-4FD1-B633-639ABF7D978E}
		{7B32C87D-6B39-4C9C-A39E-AA842CF18AF5} = {7D9DDD06-052A-4958-A8D7-F86A04F72944}
		{0D8E922C-0A1F-456B-A381-3380646E9D29} = {08010BF7-5939-4D38-88CC-8359E627FB75}
		{FF790C08-67D9-467F-B5C5-8392A5678711} = {0D8E922C-0A1F-456B-A381-3380646E9D29}
		{D5DAD559-9281-470B-8D4E-0BA931843CC7} = {08010BF7-5939-4D38-88CC-8359E627FB75}
		{108490A2-D38B-4404-B36A-101B284DD00C} = {D5DAD559-9281-470B-8D4E-0BA931843CC7}
		{8AF76BD0-AAFE-4686-9136-2E6627D1000E} = {108490A2-D38B-4404-B36A-101B284DD00C}
		{736E272D-A364-4A1B-99BA-6BB3C30DB65A} = {0ACB8D01-BCE0-4079-81C1-EE1DFB52E126}
		{0ACB8D01-BCE0-4079-81C1-EE1DFB52E126} = {E9F5EB66-EADB-465F-B590-17E7E3328406}
		{BE191D29-3E82-4ED0-A351-8D233A21E8EF} = {F38C5DD2-5493-44A3-ADCD-29DC01F4B0BA}
		{53EBB137-DE77-4698-BD6C-7A51636E8119} = {BE191D29-3E82-4ED0-A351-8D233A21E8EF}
		{AAD9630C-6B86-4D55-A1F4-B129A3C45769} = {AEF84882-6E09-4A98-B5D7-CD7D5F16697A}
		{AEF84882-6E09-4A98-B5D7-CD7D5F16697A} = {53EBB137-DE77-4698-BD6C-7A51636E8119}
		{8736A224-D063-4405-B79A-B436A9C15DC2} = {BE191D29-3E82-4ED0-A351-8D233A21E8EF}
		{0E68FF77-ADF9-4ACC-A3B2-A9FB3035151E} = {8736A224-D063-4405-B79A-B436A9C15DC2}
		{76798B2B-3EC1-44CB-A5F2-F0BC8FEED3CC} = {0E68FF77-ADF9-4ACC-A3B2-A9FB3035151E}
		{ED31C877-7DD5-4AE2-8BF4-715C37505BF1} = {BE191D29-3E82-4ED0-A351-8D233A21E8EF}
		{114B6C19-A7B3-4E54-BD5D-6ECA3CC48870} = {08010BF7-5939-4D38-88CC-8359E627FB75}
		{CA8CF455-B834-4136-A5D9-958EF2076839} = {49DB5B99-515E-4A1B-9915-026EB8679C7E}
		{739428A3-AB98-4CCC-B526-7C3197AB2932} = {CA8CF455-B834-4136-A5D9-958EF2076839}
		{08DE0EA5-1F72-4DDA-BD07-98A25EB20A32} = {CA8CF455-B834-4136-A5D9-958EF2076839}
		{3487FA74-6461-47EA-8319-36E99CD64D34} = {BE191D29-3E82-4ED0-A351-8D233A21E8EF}
		{DBD6A3B3-34D5-454B-8C38-C30D2B73B3CA} = {3487FA74-6461-47EA-8319-36E99CD64D34}
		{0B5420DA-F5AF-4E1C-A76E-15F58C8271F8} = {DBD6A3B3-34D5-454B-8C38-C30D2B73B3CA}
		{EE25A51A-A61D-406B-945E-4DB1E12E1352} = {DBD6A3B3-34D5-454B-8C38-C30D2B73B3CA}
		{7DB12AF8-8A9E-4B54-A401-09B10B904F3A} = {E1B68BBA-23BA-435D-9C5C-F560FCEBA3E6}
		{E1B68BBA-23BA-435D-9C5C-F560FCEBA3E6} = {BB26530D-1065-4CC0-B1A0-0B8E9AB544ED}
		{767437DE-D704-40FB-8E29-A4326C6811B5} = {E1B68BBA-23BA-435D-9C5C-F560FCEBA3E6}
		{BB26530D-1065-4CC0-B1A0-0B8E9AB544ED} = {114B6C19-A7B3-4E54-BD5D-6ECA3CC48870}
		{96F87558-BC95-442E-9257-ED0DEE00C179} = {114B6C19-A7B3-4E54-BD5D-6ECA3CC48870}
		{C3BFDA5B-CBE5-45D7-A892-F554BAC2D920} = {114B6C19-A7B3-4E54-BD5D-6ECA3CC48870}
		{6563290D-1C26-4D06-89E6-A9E5708B2852} = {96F87558-BC95-442E-9257-ED0DEE00C179}
		{192AF600-204D-4D2E-BEF2-5B0EE9EAAEC1} = {96F87558-BC95-442E-9257-ED0DEE00C179}
	EndGlobalSection
	GlobalSection(ExtensibilityGlobals) = postSolution
		SolutionGuid = {7E281318-3862-4F3D-AA62-85A8E41186F9}
	EndGlobalSection
EndGlobal
